{
  "requires": true,
  "lockfileVersion": 1,
  "dependencies": {
    "docker-compose": {
      "version": "0.23.5",
      "resolved": "https://registry.npmjs.org/docker-compose/-/docker-compose-0.23.5.tgz",
      "integrity": "sha512-y3swhij4q3pyX45kJH7OMHZjoHPfiaTe8RPAQQ9fbamKQHI+k+1HnZm0T9NbbMFusTn0het0eK4WjXGM+rcF2A=="
    }
  }
}
